
Microsoft Visual Studio Solution File, Format Version 12.00
Project("{FAE04EC0-301F-11D3-BF4B-00C04F79EFBC}") = "DanubeRS.CANServerUtils.CLI", "DanubeRS.CANServerUtils.CLI\DanubeRS.CANServerUtils.CLI.csproj", "{574C217A-93D5-445A-92F8-06B172638926}"
EndProject
Project("{FAE04EC0-301F-11D3-BF4B-00C04F79EFBC}") = "DanubeRS.CanServerUtils.Library", "DanubeRS.CanServerUtils.Library\DanubeRS.CanServerUtils.Library.csproj", "{3592532D-9427-4940-83FA-1153E4AE5AA0}"
EndProject
Project("{FAE04EC0-301F-11D3-BF4B-00C04F79EFBC}") = "DanubeRS.CanServerUtils.Tests", "DanubeRS.CanServerUtils.Tests\DanubeRS.CanServerUtils.Tests.csproj", "{EE503C19-D754-4271-92BC-243157B30C4F}"
EndProject
Project("{FAE04EC0-301F-11D3-BF4B-00C04F79EFBC}") = "DanubeRS.CANServerUtils.Pandas", "DanubeRS.CANServerUtils.Pandas\DanubeRS.CANServerUtils.Pandas.csproj", "{9DF44B2F-DF17-4AA2-9CF9-EBD4856C5E4E}"
EndProject
Global
	GlobalSection(SolutionConfigurationPlatforms) = preSolution
		Debug|Any CPU = Debug|Any CPU
		Release|Any CPU = Release|Any CPU
	EndGlobalSection
	GlobalSection(ProjectConfigurationPlatforms) = postSolution
		{574C217A-93D5-445A-92F8-06B172638926}.Debug|Any CPU.ActiveCfg = Debug|Any CPU
		{574C217A-93D5-445A-92F8-06B172638926}.Debug|Any CPU.Build.0 = Debug|Any CPU
		{574C217A-93D5-445A-92F8-06B172638926}.Release|Any CPU.ActiveCfg = Release|Any CPU
		{574C217A-93D5-445A-92F8-06B172638926}.Release|Any CPU.Build.0 = Release|Any CPU
		{3592532D-9427-4940-83FA-1153E4AE5AA0}.Debug|Any CPU.ActiveCfg = Debug|Any CPU
		{3592532D-9427-4940-83FA-1153E4AE5AA0}.Debug|Any CPU.Build.0 = Debug|Any CPU
		{3592532D-9427-4940-83FA-1153E4AE5AA0}.Release|Any CPU.ActiveCfg = Release|Any CPU
		{3592532D-9427-4940-83FA-1153E4AE5AA0}.Release|Any CPU.Build.0 = Release|Any CPU
		{EE503C19-D754-4271-92BC-243157B30C4F}.Debug|Any CPU.ActiveCfg = Debug|Any CPU
		{EE503C19-D754-4271-92BC-243157B30C4F}.Debug|Any CPU.Build.0 = Debug|Any CPU
		{EE503C19-D754-4271-92BC-243157B30C4F}.Release|Any CPU.ActiveCfg = Release|Any CPU
		{EE503C19-D754-4271-92BC-243157B30C4F}.Release|Any CPU.Build.0 = Release|Any CPU
		{9DF44B2F-DF17-4AA2-9CF9-EBD4856C5E4E}.Debug|Any CPU.ActiveCfg = Debug|Any CPU
		{9DF44B2F-DF17-4AA2-9CF9-EBD4856C5E4E}.Debug|Any CPU.Build.0 = Debug|Any CPU
		{9DF44B2F-DF17-4AA2-9CF9-EBD4856C5E4E}.Release|Any CPU.ActiveCfg = Release|Any CPU
		{9DF44B2F-DF17-4AA2-9CF9-EBD4856C5E4E}.Release|Any CPU.Build.0 = Release|Any CPU
	EndGlobalSection
EndGlobal
