
Microsoft Visual Studio Solution File, Format Version 12.00
Project("{2150E333-8FDC-42A3-9474-1A3956D46DE8}") = "lib", "lib", "{2364CF09-3E2C-4832-9A4F-19663748CCA5}"
EndProject
Project("{2150E333-8FDC-42A3-9474-1A3956D46DE8}") = "cli", "cli", "{9F3E1188-035A-4C74-BA6B-7E7F34988CB3}"
EndProject
Project("{2150E333-8FDC-42A3-9474-1A3956D46DE8}") = "dash", "dash", "{166DDD83-682B-4BB1-BE61-4252C56CAE5C}"
EndProject
Project("{FAE04EC0-301F-11D3-BF4B-00C04F79EFBC}") = "DanubeRS.CANServer.Dash.Desktop", "dash\DanubeRS.CANServer.Dash.Desktop\DanubeRS.CANServer.Dash.Desktop.csproj", "{0E331A8B-EE69-4855-AC43-B3D84728F5EB}"
EndProject
Project("{FAE04EC0-301F-11D3-BF4B-00C04F79EFBC}") = "DanubeRS.CANServer.Dash", "dash\DanubeRS.CANServer.Dash\DanubeRS.CANServer.Dash.csproj", "{D3486748-58ED-49A8-AD3C-CB3894FB86BB}"
EndProject
Project("{FAE04EC0-301F-11D3-BF4B-00C04F79EFBC}") = "DanubeRS.CANServer.Dash.Android", "dash\DanubeRS.CANServer.Dash.Android\DanubeRS.CANServer.Dash.Android.csproj", "{6A47A500-482A-45D9-9D2B-B14844290DC0}"
EndProject
Project("{FAE04EC0-301F-11D3-BF4B-00C04F79EFBC}") = "DanubeRS.CANServer.UI.SkiaElements", "dash\DanubeRS.CANServer.UI.SkiaElements\DanubeRS.CANServer.UI.SkiaElements.csproj", "{35B559D5-2AE7-48A8-88F0-3DF61E89C04F}"
EndProject
Project("{FAE04EC0-301F-11D3-BF4B-00C04F79EFBC}") = "DanubeRS.CANServer.CLI", "cli\DanubeRS.CANServer.CLI\DanubeRS.CANServer.CLI.csproj", "{79182118-3941-4194-B522-8B4E75EED88C}"
EndProject
Project("{FAE04EC0-301F-11D3-BF4B-00C04F79EFBC}") = "DanubeRS.CANServer.CLI.Pandas", "lib\DanubeRS.CANServer.CLI.Pandas\DanubeRS.CANServer.CLI.Pandas.csproj", "{30238819-E69B-45FD-9D89-5AF767C46D3D}"
EndProject
Project("{FAE04EC0-301F-11D3-BF4B-00C04F79EFBC}") = "DanubeRS.DBCParser", "lib\DanubeRS.DBCParser\DanubeRS.DBCParser.csproj", "{A161A89B-E676-4EC4-929B-9CBE5492200E}"
EndProject
Project("{FAE04EC0-301F-11D3-BF4B-00C04F79EFBC}") = "DanubeRS.DBCParser.Tests", "lib\DanubeRS.DBCParser.Tests\DanubeRS.DBCParser.Tests.csproj", "{9C62590D-6A2C-4C09-8B1F-815893C279EA}"
EndProject
Project("{FAE04EC0-301F-11D3-BF4B-00C04F79EFBC}") = "DanubeRS.CANServer.Lib", "lib\DanubeRS.CANServer.Lib\DanubeRS.CANServer.Lib.csproj", "{CEE4893D-9A09-4969-A162-973D3316FAE6}"
EndProject
Project("{2150E333-8FDC-42A3-9474-1A3956D46DE8}") = "ui", "ui", "{3449C19C-ABB8-4C6E-96CB-0E14C7AEC4C7}"
EndProject
Project("{FAE04EC0-301F-11D3-BF4B-00C04F79EFBC}") = "DanubeRS.CANServer.CLI.Video", "cli\DanubeRS.CANServer.CLI.Video\DanubeRS.CANServer.CLI.Video.csproj", "{7F608D40-B14F-4AC6-BFA7-65B19EBC0564}"
EndProject
Global
	GlobalSection(SolutionConfigurationPlatforms) = preSolution
		Debug|Any CPU = Debug|Any CPU
		Release|Any CPU = Release|Any CPU
	EndGlobalSection
	GlobalSection(NestedProjects) = preSolution
		{0E331A8B-EE69-4855-AC43-B3D84728F5EB} = {166DDD83-682B-4BB1-BE61-4252C56CAE5C}
		{D3486748-58ED-49A8-AD3C-CB3894FB86BB} = {166DDD83-682B-4BB1-BE61-4252C56CAE5C}
		{6A47A500-482A-45D9-9D2B-B14844290DC0} = {166DDD83-682B-4BB1-BE61-4252C56CAE5C}
		{79182118-3941-4194-B522-8B4E75EED88C} = {9F3E1188-035A-4C74-BA6B-7E7F34988CB3}
		{A161A89B-E676-4EC4-929B-9CBE5492200E} = {2364CF09-3E2C-4832-9A4F-19663748CCA5}
		{9C62590D-6A2C-4C09-8B1F-815893C279EA} = {2364CF09-3E2C-4832-9A4F-19663748CCA5}
		{CEE4893D-9A09-4969-A162-973D3316FAE6} = {2364CF09-3E2C-4832-9A4F-19663748CCA5}
		{166DDD83-682B-4BB1-BE61-4252C56CAE5C} = {3449C19C-ABB8-4C6E-96CB-0E14C7AEC4C7}
		{35B559D5-2AE7-48A8-88F0-3DF61E89C04F} = {3449C19C-ABB8-4C6E-96CB-0E14C7AEC4C7}
		{30238819-E69B-45FD-9D89-5AF767C46D3D} = {9F3E1188-035A-4C74-BA6B-7E7F34988CB3}
		{7F608D40-B14F-4AC6-BFA7-65B19EBC0564} = {9F3E1188-035A-4C74-BA6B-7E7F34988CB3}
	EndGlobalSection
	GlobalSection(ProjectConfigurationPlatforms) = postSolution
		{0E331A8B-EE69-4855-AC43-B3D84728F5EB}.Debug|Any CPU.ActiveCfg = Debug|Any CPU
		{0E331A8B-EE69-4855-AC43-B3D84728F5EB}.Debug|Any CPU.Build.0 = Debug|Any CPU
		{0E331A8B-EE69-4855-AC43-B3D84728F5EB}.Release|Any CPU.ActiveCfg = Release|Any CPU
		{0E331A8B-EE69-4855-AC43-B3D84728F5EB}.Release|Any CPU.Build.0 = Release|Any CPU
		{D3486748-58ED-49A8-AD3C-CB3894FB86BB}.Debug|Any CPU.ActiveCfg = Debug|Any CPU
		{D3486748-58ED-49A8-AD3C-CB3894FB86BB}.Debug|Any CPU.Build.0 = Debug|Any CPU
		{D3486748-58ED-49A8-AD3C-CB3894FB86BB}.Release|Any CPU.ActiveCfg = Release|Any CPU
		{D3486748-58ED-49A8-AD3C-CB3894FB86BB}.Release|Any CPU.Build.0 = Release|Any CPU
		{6A47A500-482A-45D9-9D2B-B14844290DC0}.Debug|Any CPU.ActiveCfg = Debug|Any CPU
		{6A47A500-482A-45D9-9D2B-B14844290DC0}.Debug|Any CPU.Build.0 = Debug|Any CPU
		{6A47A500-482A-45D9-9D2B-B14844290DC0}.Release|Any CPU.ActiveCfg = Release|Any CPU
		{6A47A500-482A-45D9-9D2B-B14844290DC0}.Release|Any CPU.Build.0 = Release|Any CPU
		{35B559D5-2AE7-48A8-88F0-3DF61E89C04F}.Debug|Any CPU.ActiveCfg = Debug|Any CPU
		{35B559D5-2AE7-48A8-88F0-3DF61E89C04F}.Debug|Any CPU.Build.0 = Debug|Any CPU
		{35B559D5-2AE7-48A8-88F0-3DF61E89C04F}.Release|Any CPU.ActiveCfg = Release|Any CPU
		{35B559D5-2AE7-48A8-88F0-3DF61E89C04F}.Release|Any CPU.Build.0 = Release|Any CPU
		{79182118-3941-4194-B522-8B4E75EED88C}.Debug|Any CPU.ActiveCfg = Debug|Any CPU
		{79182118-3941-4194-B522-8B4E75EED88C}.Debug|Any CPU.Build.0 = Debug|Any CPU
		{79182118-3941-4194-B522-8B4E75EED88C}.Release|Any CPU.ActiveCfg = Release|Any CPU
		{79182118-3941-4194-B522-8B4E75EED88C}.Release|Any CPU.Build.0 = Release|Any CPU
		{30238819-E69B-45FD-9D89-5AF767C46D3D}.Debug|Any CPU.ActiveCfg = Debug|Any CPU
		{30238819-E69B-45FD-9D89-5AF767C46D3D}.Debug|Any CPU.Build.0 = Debug|Any CPU
		{30238819-E69B-45FD-9D89-5AF767C46D3D}.Release|Any CPU.ActiveCfg = Release|Any CPU
		{30238819-E69B-45FD-9D89-5AF767C46D3D}.Release|Any CPU.Build.0 = Release|Any CPU
		{A161A89B-E676-4EC4-929B-9CBE5492200E}.Debug|Any CPU.ActiveCfg = Debug|Any CPU
		{A161A89B-E676-4EC4-929B-9CBE5492200E}.Debug|Any CPU.Build.0 = Debug|Any CPU
		{A161A89B-E676-4EC4-929B-9CBE5492200E}.Release|Any CPU.ActiveCfg = Release|Any CPU
		{A161A89B-E676-4EC4-929B-9CBE5492200E}.Release|Any CPU.Build.0 = Release|Any CPU
		{9C62590D-6A2C-4C09-8B1F-815893C279EA}.Debug|Any CPU.ActiveCfg = Debug|Any CPU
		{9C62590D-6A2C-4C09-8B1F-815893C279EA}.Debug|Any CPU.Build.0 = Debug|Any CPU
		{9C62590D-6A2C-4C09-8B1F-815893C279EA}.Release|Any CPU.ActiveCfg = Release|Any CPU
		{9C62590D-6A2C-4C09-8B1F-815893C279EA}.Release|Any CPU.Build.0 = Release|Any CPU
		{CEE4893D-9A09-4969-A162-973D3316FAE6}.Debug|Any CPU.ActiveCfg = Debug|Any CPU
		{CEE4893D-9A09-4969-A162-973D3316FAE6}.Debug|Any CPU.Build.0 = Debug|Any CPU
		{CEE4893D-9A09-4969-A162-973D3316FAE6}.Release|Any CPU.ActiveCfg = Release|Any CPU
		{CEE4893D-9A09-4969-A162-973D3316FAE6}.Release|Any CPU.Build.0 = Release|Any CPU
		{7F608D40-B14F-4AC6-BFA7-65B19EBC0564}.Debug|Any CPU.ActiveCfg = Debug|Any CPU
		{7F608D40-B14F-4AC6-BFA7-65B19EBC0564}.Debug|Any CPU.Build.0 = Debug|Any CPU
		{7F608D40-B14F-4AC6-BFA7-65B19EBC0564}.Release|Any CPU.ActiveCfg = Release|Any CPU
		{7F608D40-B14F-4AC6-BFA7-65B19EBC0564}.Release|Any CPU.Build.0 = Release|Any CPU
	EndGlobalSection
EndGlobal
